// !$*UTF8*$!
{
	archiveVersion = 1;
	classes = {
	};
	objectVersion = 46;
	objects = {

/* Begin PBXBuildFile section */
		3F0EC2FF1DB41ECF00B38D47 /* SaveState.swift in Sources */ = {isa = PBXBuildFile; fileRef = 3F0EC2FE1DB41ECF00B38D47 /* SaveState.swift */; };
		3F0EC3021DB43D1400B38D47 /* UIView+takeSnapshot.swift in Sources */ = {isa = PBXBuildFile; fileRef = 3F0EC3011DB43D1400B38D47 /* UIView+takeSnapshot.swift */; };
		3F4E34231DA3213200F690A0 /* WordsTableVC.swift in Sources */ = {isa = PBXBuildFile; fileRef = 3F4E34221DA3213200F690A0 /* WordsTableVC.swift */; };
		3F4FD86A1D88B3A800A9FE96 /* AppDelegate.swift in Sources */ = {isa = PBXBuildFile; fileRef = 3F4FD8691D88B3A800A9FE96 /* AppDelegate.swift */; };
		3F4FD86C1D88B3A800A9FE96 /* ViewController.swift in Sources */ = {isa = PBXBuildFile; fileRef = 3F4FD86B1D88B3A800A9FE96 /* ViewController.swift */; };
		3F4FD86F1D88B3A800A9FE96 /* Main.storyboard in Resources */ = {isa = PBXBuildFile; fileRef = 3F4FD86D1D88B3A800A9FE96 /* Main.storyboard */; };
		3F4FD8711D88B3A800A9FE96 /* Assets.xcassets in Resources */ = {isa = PBXBuildFile; fileRef = 3F4FD8701D88B3A800A9FE96 /* Assets.xcassets */; };
		3F4FD8741D88B3A800A9FE96 /* LaunchScreen.storyboard in Resources */ = {isa = PBXBuildFile; fileRef = 3F4FD8721D88B3A800A9FE96 /* LaunchScreen.storyboard */; };
		3F66C12A1DA3124500E6B536 /* WordBank.swift in Sources */ = {isa = PBXBuildFile; fileRef = 3F66C1291DA3124500E6B536 /* WordBank.swift */; };
/* End PBXBuildFile section */

/* Begin PBXFileReference section */
		3F0EC2FE1DB41ECF00B38D47 /* SaveState.swift */ = {isa = PBXFileReference; fileEncoding = 4; lastKnownFileType = sourcecode.swift; path = SaveState.swift; sourceTree = "<group>"; };
		3F0EC3011DB43D1400B38D47 /* UIView+takeSnapshot.swift */ = {isa = PBXFileReference; fileEncoding = 4; lastKnownFileType = sourcecode.swift; path = "UIView+takeSnapshot.swift"; sourceTree = "<group>"; };
		3F4E34221DA3213200F690A0 /* WordsTableVC.swift */ = {isa = PBXFileReference; fileEncoding = 4; lastKnownFileType = sourcecode.swift; path = WordsTableVC.swift; sourceTree = "<group>"; };
		3F4FD8661D88B3A800A9FE96 /* DatPoet.app */ = {isa = PBXFileReference; explicitFileType = wrapper.application; includeInIndex = 0; path = DatPoet.app; sourceTree = BUILT_PRODUCTS_DIR; };
		3F4FD8691D88B3A800A9FE96 /* AppDelegate.swift */ = {isa = PBXFileReference; lastKnownFileType = sourcecode.swift; path = AppDelegate.swift; sourceTree = "<group>"; };
		3F4FD86B1D88B3A800A9FE96 /* ViewController.swift */ = {isa = PBXFileReference; lastKnownFileType = sourcecode.swift; path = ViewController.swift; sourceTree = "<group>"; };
		3F4FD86E1D88B3A800A9FE96 /* Base */ = {isa = PBXFileReference; lastKnownFileType = file.storyboard; name = Base; path = Base.lproj/Main.storyboard; sourceTree = "<group>"; };
		3F4FD8701D88B3A800A9FE96 /* Assets.xcassets */ = {isa = PBXFileReference; lastKnownFileType = folder.assetcatalog; path = Assets.xcassets; sourceTree = "<group>"; };
		3F4FD8731D88B3A800A9FE96 /* Base */ = {isa = PBXFileReference; lastKnownFileType = file.storyboard; name = Base; path = Base.lproj/LaunchScreen.storyboard; sourceTree = "<group>"; };
		3F4FD8751D88B3A800A9FE96 /* Info.plist */ = {isa = PBXFileReference; lastKnownFileType = text.plist.xml; path = Info.plist; sourceTree = "<group>"; };
		3F66C1291DA3124500E6B536 /* WordBank.swift */ = {isa = PBXFileReference; fileEncoding = 4; lastKnownFileType = sourcecode.swift; path = WordBank.swift; sourceTree = "<group>"; };
/* End PBXFileReference section */

/* Begin PBXFrameworksBuildPhase section */
		3F4FD8631D88B3A800A9FE96 /* Frameworks */ = {
			isa = PBXFrameworksBuildPhase;
			buildActionMask = 2147483647;
			files = (
			);
			runOnlyForDeploymentPostprocessing = 0;
		};
/* End PBXFrameworksBuildPhase section */

/* Begin PBXGroup section */
		3F0EC2FD1DB41EA500B38D47 /* Save State */ = {
			isa = PBXGroup;
			children = (
				3F0EC2FE1DB41ECF00B38D47 /* SaveState.swift */,
			);
			name = "Save State";
			sourceTree = "<group>";
		};
		3F0EC3001DB43CED00B38D47 /* Extensions */ = {
			isa = PBXGroup;
			children = (
				3F0EC3011DB43D1400B38D47 /* UIView+takeSnapshot.swift */,
			);
			name = Extensions;
			sourceTree = "<group>";
		};
		3F4FD85D1D88B3A800A9FE96 = {
			isa = PBXGroup;
			children = (
				3F4FD8681D88B3A800A9FE96 /* DatPoet */,
				3F4FD8671D88B3A800A9FE96 /* Products */,
			);
			sourceTree = "<group>";
		};
		3F4FD8671D88B3A800A9FE96 /* Products */ = {
			isa = PBXGroup;
			children = (
				3F4FD8661D88B3A800A9FE96 /* DatPoet.app */,
			);
			name = Products;
			sourceTree = "<group>";
		};
		3F4FD8681D88B3A800A9FE96 /* DatPoet */ = {
			isa = PBXGroup;
			children = (
				3F4FD8691D88B3A800A9FE96 /* AppDelegate.swift */,
				3F66C12C1DA3125800E6B536 /* VC */,
				3F66C12B1DA3124A00E6B536 /* Model */,
				3F0EC2FD1DB41EA500B38D47 /* Save State */,
				3F0EC3001DB43CED00B38D47 /* Extensions */,
				3F4FD86D1D88B3A800A9FE96 /* Main.storyboard */,
				3F4FD8701D88B3A800A9FE96 /* Assets.xcassets */,
				3F4FD8721D88B3A800A9FE96 /* LaunchScreen.storyboard */,
				3F4FD8751D88B3A800A9FE96 /* Info.plist */,
			);
			name = DatPoet;
			path = FridgePoetry;
			sourceTree = "<group>";
		};
		3F66C12B1DA3124A00E6B536 /* Model */ = {
			isa = PBXGroup;
			children = (
				3F66C1291DA3124500E6B536 /* WordBank.swift */,
			);
			name = Model;
			sourceTree = "<group>";
		};
		3F66C12C1DA3125800E6B536 /* VC */ = {
			isa = PBXGroup;
			children = (
				3F4FD86B1D88B3A800A9FE96 /* ViewController.swift */,
				3F4E34221DA3213200F690A0 /* WordsTableVC.swift */,
			);
			name = VC;
			sourceTree = "<group>";
		};
/* End PBXGroup section */

/* Begin PBXNativeTarget section */
		3F4FD8651D88B3A800A9FE96 /* DatPoet */ = {
			isa = PBXNativeTarget;
			buildConfigurationList = 3F4FD8781D88B3A800A9FE96 /* Build configuration list for PBXNativeTarget "DatPoet" */;
			buildPhases = (
				3F4FD8621D88B3A800A9FE96 /* Sources */,
				3F4FD8631D88B3A800A9FE96 /* Frameworks */,
				3F4FD8641D88B3A800A9FE96 /* Resources */,
			);
			buildRules = (
			);
			dependencies = (
			);
			name = DatPoet;
			productName = FridgePoetry;
			productReference = 3F4FD8661D88B3A800A9FE96 /* DatPoet.app */;
			productType = "com.apple.product-type.application";
		};
/* End PBXNativeTarget section */

/* Begin PBXProject section */
		3F4FD85E1D88B3A800A9FE96 /* Project object */ = {
			isa = PBXProject;
			attributes = {
				LastSwiftUpdateCheck = 0730;
				LastUpgradeCheck = 0800;
				ORGANIZATIONNAME = "Erik Gerharter";
				TargetAttributes = {
					3F4FD8651D88B3A800A9FE96 = {
						CreatedOnToolsVersion = 7.3.1;
						DevelopmentTeam = 985APDY635;
						LastSwiftMigration = 0800;
					};
				};
			};
			buildConfigurationList = 3F4FD8611D88B3A800A9FE96 /* Build configuration list for PBXProject "DatPoet" */;
			compatibilityVersion = "Xcode 3.2";
			developmentRegion = English;
			hasScannedForEncodings = 0;
			knownRegions = (
				en,
				Base,
			);
			mainGroup = 3F4FD85D1D88B3A800A9FE96;
			productRefGroup = 3F4FD8671D88B3A800A9FE96 /* Products */;
			projectDirPath = "";
			projectRoot = "";
			targets = (
				3F4FD8651D88B3A800A9FE96 /* DatPoet */,
			);
		};
/* End PBXProject section */

/* Begin PBXResourcesBuildPhase section */
		3F4FD8641D88B3A800A9FE96 /* Resources */ = {
			isa = PBXResourcesBuildPhase;
			buildActionMask = 2147483647;
			files = (
				3F4FD8741D88B3A800A9FE96 /* LaunchScreen.storyboard in Resources */,
				3F4FD8711D88B3A800A9FE96 /* Assets.xcassets in Resources */,
				3F4FD86F1D88B3A800A9FE96 /* Main.storyboard in Resources */,
			);
			runOnlyForDeploymentPostprocessing = 0;
		};
/* End PBXResourcesBuildPhase section */

/* Begin PBXSourcesBuildPhase section */
		3F4FD8621D88B3A800A9FE96 /* Sources */ = {
			isa = PBXSourcesBuildPhase;
			buildActionMask = 2147483647;
			files = (
				3F4FD86C1D88B3A800A9FE96 /* ViewController.swift in Sources */,
				3F0EC3021DB43D1400B38D47 /* UIView+takeSnapshot.swift in Sources */,
				3F0EC2FF1DB41ECF00B38D47 /* SaveState.swift in Sources */,
				3F4E34231DA3213200F690A0 /* WordsTableVC.swift in Sources */,
				3F4FD86A1D88B3A800A9FE96 /* AppDelegate.swift in Sources */,
				3F66C12A1DA3124500E6B536 /* WordBank.swift in Sources */,
			);
			runOnlyForDeploymentPostprocessing = 0;
		};
/* End PBXSourcesBuildPhase section */

/* Begin PBXVariantGroup section */
		3F4FD86D1D88B3A800A9FE96 /* Main.storyboard */ = {
			isa = PBXVariantGroup;
			children = (
				3F4FD86E1D88B3A800A9FE96 /* Base */,
			);
			name = Main.storyboard;
			sourceTree = "<group>";
		};
		3F4FD8721D88B3A800A9FE96 /* LaunchScreen.storyboard */ = {
			isa = PBXVariantGroup;
			children = (
				3F4FD8731D88B3A800A9FE96 /* Base */,
			);
			name = LaunchScreen.storyboard;
			sourceTree = "<group>";
		};
/* End PBXVariantGroup section */

/* Begin XCBuildConfiguration section */
		3F4FD8761D88B3A800A9FE96 /* Debug */ = {
			isa = XCBuildConfiguration;
			buildSettings = {
				ALWAYS_SEARCH_USER_PATHS = NO;
				CLANG_ANALYZER_NONNULL = YES;
				CLANG_CXX_LANGUAGE_STANDARD = "gnu++0x";
				CLANG_CXX_LIBRARY = "libc++";
				CLANG_ENABLE_MODULES = YES;
				CLANG_ENABLE_OBJC_ARC = YES;
				CLANG_WARN_BOOL_CONVERSION = YES;
				CLANG_WARN_CONSTANT_CONVERSION = YES;
				CLANG_WARN_DIRECT_OBJC_ISA_USAGE = YES_ERROR;
				CLANG_WARN_EMPTY_BODY = YES;
				CLANG_WARN_ENUM_CONVERSION = YES;
				CLANG_WARN_INFINITE_RECURSION = YES;
				CLANG_WARN_INT_CONVERSION = YES;
				CLANG_WARN_OBJC_ROOT_CLASS = YES_ERROR;
				CLANG_WARN_SUSPICIOUS_MOVE = YES;
				CLANG_WARN_UNREACHABLE_CODE = YES;
				CLANG_WARN__DUPLICATE_METHOD_MATCH = YES;
				"CODE_SIGN_IDENTITY[sdk=iphoneos*]" = "iPhone Developer";
				COPY_PHASE_STRIP = NO;
				DEBUG_INFORMATION_FORMAT = dwarf;
				ENABLE_STRICT_OBJC_MSGSEND = YES;
				ENABLE_TESTABILITY = YES;
				GCC_C_LANGUAGE_STANDARD = gnu99;
				GCC_DYNAMIC_NO_PIC = NO;
				GCC_NO_COMMON_BLOCKS = YES;
				GCC_OPTIMIZATION_LEVEL = 0;
				GCC_PREPROCESSOR_DEFINITIONS = (
					"DEBUG=1",
					"$(inherited)",
				);
				GCC_WARN_64_TO_32_BIT_CONVERSION = YES;
				GCC_WARN_ABOUT_RETURN_TYPE = YES_ERROR;
				GCC_WARN_UNDECLARED_SELECTOR = YES;
				GCC_WARN_UNINITIALIZED_AUTOS = YES_AGGRESSIVE;
				GCC_WARN_UNUSED_FUNCTION = YES;
				GCC_WARN_UNUSED_VARIABLE = YES;
				IPHONEOS_DEPLOYMENT_TARGET = 10.0;
				MTL_ENABLE_DEBUG_INFO = YES;
				ONLY_ACTIVE_ARCH = YES;
				SDKROOT = iphoneos;
				SWIFT_OPTIMIZATION_LEVEL = "-Onone";
				TARGETED_DEVICE_FAMILY = "1,2";
			};
			name = Debug;
		};
		3F4FD8771D88B3A800A9FE96 /* Release */ = {
			isa = XCBuildConfiguration;
			buildSettings = {
				ALWAYS_SEARCH_USER_PATHS = NO;
				CLANG_ANALYZER_NONNULL = YES;
				CLANG_CXX_LANGUAGE_STANDARD = "gnu++0x";
				CLANG_CXX_LIBRARY = "libc++";
				CLANG_ENABLE_MODULES = YES;
				CLANG_ENABLE_OBJC_ARC = YES;
				CLANG_WARN_BOOL_CONVERSION = YES;
				CLANG_WARN_CONSTANT_CONVERSION = YES;
				CLANG_WARN_DIRECT_OBJC_ISA_USAGE = YES_ERROR;
				CLANG_WARN_EMPTY_BODY = YES;
				CLANG_WARN_ENUM_CONVERSION = YES;
				CLANG_WARN_INFINITE_RECURSION = YES;
				CLANG_WARN_INT_CONVERSION = YES;
				CLANG_WARN_OBJC_ROOT_CLASS = YES_ERROR;
				CLANG_WARN_SUSPICIOUS_MOVE = YES;
				CLANG_WARN_UNREACHABLE_CODE = YES;
				CLANG_WARN__DUPLICATE_METHOD_MATCH = YES;
				"CODE_SIGN_IDENTITY[sdk=iphoneos*]" = "iPhone Developer";
				COPY_PHASE_STRIP = NO;
				DEBUG_INFORMATION_FORMAT = "dwarf-with-dsym";
				ENABLE_NS_ASSERTIONS = NO;
				ENABLE_STRICT_OBJC_MSGSEND = YES;
				GCC_C_LANGUAGE_STANDARD = gnu99;
				GCC_NO_COMMON_BLOCKS = YES;
				GCC_WARN_64_TO_32_BIT_CONVERSION = YES;
				GCC_WARN_ABOUT_RETURN_TYPE = YES_ERROR;
				GCC_WARN_UNDECLARED_SELECTOR = YES;
				GCC_WARN_UNINITIALIZED_AUTOS = YES_AGGRESSIVE;
				GCC_WARN_UNUSED_FUNCTION = YES;
				GCC_WARN_UNUSED_VARIABLE = YES;
				IPHONEOS_DEPLOYMENT_TARGET = 10.0;
				MTL_ENABLE_DEBUG_INFO = NO;
				SDKROOT = iphoneos;
				SWIFT_OPTIMIZATION_LEVEL = "-Owholemodule";
				TARGETED_DEVICE_FAMILY = "1,2";
				VALIDATE_PRODUCT = YES;
			};
			name = Release;
		};
		3F4FD8791D88B3A800A9FE96 /* Debug */ = {
			isa = XCBuildConfiguration;
			buildSettings = {
				ASSETCATALOG_COMPILER_APPICON_NAME = AppIcon;
				DEVELOPMENT_TEAM = 985APDY635;
				INFOPLIST_FILE = FridgePoetry/Info.plist;
				IPHONEOS_DEPLOYMENT_TARGET = 10.0;
				LD_RUNPATH_SEARCH_PATHS = "$(inherited) @executable_path/Frameworks";
				PRODUCT_BUNDLE_IDENTIFIER = com.sample.DatPoet;
				PRODUCT_NAME = "$(TARGET_NAME)";
				SWIFT_VERSION = 3.0;
			};
			name = Debug;
		};
		3F4FD87A1D88B3A800A9FE96 /* Release */ = {
			isa = XCBuildConfiguration;
			buildSettings = {
				ASSETCATALOG_COMPILER_APPICON_NAME = AppIcon;
				DEVELOPMENT_TEAM = 985APDY635;
				INFOPLIST_FILE = FridgePoetry/Info.plist;
				IPHONEOS_DEPLOYMENT_TARGET = 10.0;
				LD_RUNPATH_SEARCH_PATHS = "$(inherited) @executable_path/Frameworks";
				PRODUCT_BUNDLE_IDENTIFIER = com.sample.DatPoet;
				PRODUCT_NAME = "$(TARGET_NAME)";
				SWIFT_VERSION = 3.0;
			};
			name = Release;
		};
/* End XCBuildConfiguration section */

/* Begin XCConfigurationList section */
		3F4FD8611D88B3A800A9FE96 /* Build configuration list for PBXProject "DatPoet" */ = {
			isa = XCConfigurationList;
			buildConfigurations = (
				3F4FD8761D88B3A800A9FE96 /* Debug */,
				3F4FD8771D88B3A800A9FE96 /* Release */,
			);
			defaultConfigurationIsVisible = 0;
			defaultConfigurationName = Release;
		};
		3F4FD8781D88B3A800A9FE96 /* Build configuration list for PBXNativeTarget "DatPoet" */ = {
			isa = XCConfigurationList;
			buildConfigurations = (
				3F4FD8791D88B3A800A9FE96 /* Debug */,
				3F4FD87A1D88B3A800A9FE96 /* Release */,
			);
			defaultConfigurationIsVisible = 0;
			defaultConfigurationName = Release;
		};
/* End XCConfigurationList section */
	};
	rootObject = 3F4FD85E1D88B3A800A9FE96 /* Project object */;
}
